
Microsoft Visual Studio Solution File, Format Version 12.00
# Visual Studio Version 17
VisualStudioVersion = 17.2.32602.215
MinimumVisualStudioVersion = 10.0.40219.1
Project("{FAE04EC0-301F-11D3-BF4B-00C04F79EFBC}") = "BolsaDeEmpleo.Client", "BolsaDeEmpleo.Client\BolsaDeEmpleo.Client.csproj", "{71D07F61-85C5-4645-A2DA-4F8335153D2D}"
EndProject
Project("{FAE04EC0-301F-11D3-BF4B-00C04F79EFBC}") = "BolsaDeEmpleo.Api", "..\..\Api\BolsaDeEmpleo.Api\BolsaDeEmpleo.Api.csproj", "{19846C06-9618-41D1-AFA7-936538428835}"
EndProject
Project("{FAE04EC0-301F-11D3-BF4B-00C04F79EFBC}") = "BolsaDeEmpleo.Shared", "..\..\Shared\BolsaDeEmpleo.Shared\BolsaDeEmpleo.Shared.csproj", "{133F48CE-0A30-4065-8EF0-01CBC5BF5E41}"
EndProject
Global
	GlobalSection(SolutionConfigurationPlatforms) = preSolution
		Debug|Any CPU = Debug|Any CPU
		Release|Any CPU = Release|Any CPU
	EndGlobalSection
	GlobalSection(ProjectConfigurationPlatforms) = postSolution
		{71D07F61-85C5-4645-A2DA-4F8335153D2D}.Debug|Any CPU.ActiveCfg = Debug|Any CPU
		{71D07F61-85C5-4645-A2DA-4F8335153D2D}.Debug|Any CPU.Build.0 = Debug|Any CPU
		{71D07F61-85C5-4645-A2DA-4F8335153D2D}.Release|Any CPU.ActiveCfg = Release|Any CPU
		{71D07F61-85C5-4645-A2DA-4F8335153D2D}.Release|Any CPU.Build.0 = Release|Any CPU
		{19846C06-9618-41D1-AFA7-936538428835}.Debug|Any CPU.ActiveCfg = Debug|Any CPU
		{19846C06-9618-41D1-AFA7-936538428835}.Debug|Any CPU.Build.0 = Debug|Any CPU
		{19846C06-9618-41D1-AFA7-936538428835}.Release|Any CPU.ActiveCfg = Release|Any CPU
		{19846C06-9618-41D1-AFA7-936538428835}.Release|Any CPU.Build.0 = Release|Any CPU
		{133F48CE-0A30-4065-8EF0-01CBC5BF5E41}.Debug|Any CPU.ActiveCfg = Debug|Any CPU
		{133F48CE-0A30-4065-8EF0-01CBC5BF5E41}.Debug|Any CPU.Build.0 = Debug|Any CPU
		{133F48CE-0A30-4065-8EF0-01CBC5BF5E41}.Release|Any CPU.ActiveCfg = Release|Any CPU
		{133F48CE-0A30-4065-8EF0-01CBC5BF5E41}.Release|Any CPU.Build.0 = Release|Any CPU
	EndGlobalSection
	GlobalSection(SolutionProperties) = preSolution
		HideSolutionNode = FALSE
	EndGlobalSection
	GlobalSection(ExtensibilityGlobals) = postSolution
		SolutionGuid = {36173FCA-6E79-40FC-8092-7C6CDC049DC8}
	EndGlobalSection
EndGlobal
